// !$*UTF8*$!
{
	archiveVersion = 1;
	classes = {
	};
	objectVersion = 77;
	objects = {

/* Begin PBXBuildFile section */
		CE06DF9A2D04892000039A92 /* OAuth2 in Frameworks */ = {isa = PBXBuildFile; productRef = CE06DF992D04892000039A92 /* OAuth2 */; };
/* End PBXBuildFile section */

/* Begin PBXContainerItemProxy section */
		CE28800C2D0340F200FF0D3F /* PBXContainerItemProxy */ = {
			isa = PBXContainerItemProxy;
			containerPortal = CE287FF32D0340F000FF0D3F /* Project object */;
			proxyType = 1;
			remoteGlobalIDString = CE287FFA2D0340F000FF0D3F;
			remoteInfo = 42;
		};
		CE2880162D0340F200FF0D3F /* PBXContainerItemProxy */ = {
			isa = PBXContainerItemProxy;
			containerPortal = CE287FF32D0340F000FF0D3F /* Project object */;
			proxyType = 1;
			remoteGlobalIDString = CE287FFA2D0340F000FF0D3F;
			remoteInfo = 42;
		};
/* End PBXContainerItemProxy section */

/* Begin PBXFileReference section */
		CE287FFB2D0340F000FF0D3F /* 42.app */ = {isa = PBXFileReference; explicitFileType = wrapper.application; includeInIndex = 0; path = 42.app; sourceTree = BUILT_PRODUCTS_DIR; };
		CE28800B2D0340F200FF0D3F /* 42Tests.xctest */ = {isa = PBXFileReference; explicitFileType = wrapper.cfbundle; includeInIndex = 0; path = 42Tests.xctest; sourceTree = BUILT_PRODUCTS_DIR; };
		CE2880152D0340F200FF0D3F /* 42UITests.xctest */ = {isa = PBXFileReference; explicitFileType = wrapper.cfbundle; includeInIndex = 0; path = 42UITests.xctest; sourceTree = BUILT_PRODUCTS_DIR; };
/* End PBXFileReference section */

/* Begin PBXFileSystemSynchronizedRootGroup section */
		CE287FFD2D0340F000FF0D3F /* 42 */ = {
			isa = PBXFileSystemSynchronizedRootGroup;
			path = 42;
			sourceTree = "<group>";
		};
		CE28800E2D0340F200FF0D3F /* 42Tests */ = {
			isa = PBXFileSystemSynchronizedRootGroup;
			path = 42Tests;
			sourceTree = "<group>";
		};
		CE2880182D0340F200FF0D3F /* 42UITests */ = {
			isa = PBXFileSystemSynchronizedRootGroup;
			path = 42UITests;
			sourceTree = "<group>";
		};
/* End PBXFileSystemSynchronizedRootGroup section */

/* Begin PBXFrameworksBuildPhase section */
		CE287FF82D0340F000FF0D3F /* Frameworks */ = {
			isa = PBXFrameworksBuildPhase;
			buildActionMask = 2147483647;
			files = (
				CE06DF9A2D04892000039A92 /* OAuth2 in Frameworks */,
			);
			runOnlyForDeploymentPostprocessing = 0;
		};
		CE2880082D0340F200FF0D3F /* Frameworks */ = {
			isa = PBXFrameworksBuildPhase;
			buildActionMask = 2147483647;
			files = (
			);
			runOnlyForDeploymentPostprocessing = 0;
		};
		CE2880122D0340F200FF0D3F /* Frameworks */ = {
			isa = PBXFrameworksBuildPhase;
			buildActionMask = 2147483647;
			files = (
			);
			runOnlyForDeploymentPostprocessing = 0;
		};
/* End PBXFrameworksBuildPhase section */

/* Begin PBXGroup section */
		CE287FF22D0340F000FF0D3F = {
			isa = PBXGroup;
			children = (
				CE287FFD2D0340F000FF0D3F /* 42 */,
				CE28800E2D0340F200FF0D3F /* 42Tests */,
				CE2880182D0340F200FF0D3F /* 42UITests */,
				CE287FFC2D0340F000FF0D3F /* Products */,
			);
			sourceTree = "<group>";
		};
		CE287FFC2D0340F000FF0D3F /* Products */ = {
			isa = PBXGroup;
			children = (
				CE287FFB2D0340F000FF0D3F /* 42.app */,
				CE28800B2D0340F200FF0D3F /* 42Tests.xctest */,
				CE2880152D0340F200FF0D3F /* 42UITests.xctest */,
			);
			name = Products;
			sourceTree = "<group>";
		};
/* End PBXGroup section */

/* Begin PBXNativeTarget section */
		CE287FFA2D0340F000FF0D3F /* 42 */ = {
			isa = PBXNativeTarget;
			buildConfigurationList = CE28801F2D0340F200FF0D3F /* Build configuration list for PBXNativeTarget "42" */;
			buildPhases = (
				CE287FF72D0340F000FF0D3F /* Sources */,
				CE287FF82D0340F000FF0D3F /* Frameworks */,
				CE287FF92D0340F000FF0D3F /* Resources */,
			);
			buildRules = (
			);
			dependencies = (
			);
			fileSystemSynchronizedGroups = (
				CE287FFD2D0340F000FF0D3F /* 42 */,
			);
			name = 42;
			packageProductDependencies = (
				CE06DF992D04892000039A92 /* OAuth2 */,
			);
			productName = 42;
			productReference = CE287FFB2D0340F000FF0D3F /* 42.app */;
			productType = "com.apple.product-type.application";
		};
		CE28800A2D0340F200FF0D3F /* 42Tests */ = {
			isa = PBXNativeTarget;
			buildConfigurationList = CE2880222D0340F200FF0D3F /* Build configuration list for PBXNativeTarget "42Tests" */;
			buildPhases = (
				CE2880072D0340F200FF0D3F /* Sources */,
				CE2880082D0340F200FF0D3F /* Frameworks */,
				CE2880092D0340F200FF0D3F /* Resources */,
			);
			buildRules = (
			);
			dependencies = (
				CE28800D2D0340F200FF0D3F /* PBXTargetDependency */,
			);
			fileSystemSynchronizedGroups = (
				CE28800E2D0340F200FF0D3F /* 42Tests */,
			);
			name = 42Tests;
			packageProductDependencies = (
			);
			productName = 42Tests;
			productReference = CE28800B2D0340F200FF0D3F /* 42Tests.xctest */;
			productType = "com.apple.product-type.bundle.unit-test";
		};
		CE2880142D0340F200FF0D3F /* 42UITests */ = {
			isa = PBXNativeTarget;
			buildConfigurationList = CE2880252D0340F200FF0D3F /* Build configuration list for PBXNativeTarget "42UITests" */;
			buildPhases = (
				CE2880112D0340F200FF0D3F /* Sources */,
				CE2880122D0340F200FF0D3F /* Frameworks */,
				CE2880132D0340F200FF0D3F /* Resources */,
			);
			buildRules = (
			);
			dependencies = (
				CE2880172D0340F200FF0D3F /* PBXTargetDependency */,
			);
			fileSystemSynchronizedGroups = (
				CE2880182D0340F200FF0D3F /* 42UITests */,
			);
			name = 42UITests;
			packageProductDependencies = (
			);
			productName = 42UITests;
			productReference = CE2880152D0340F200FF0D3F /* 42UITests.xctest */;
			productType = "com.apple.product-type.bundle.ui-testing";
		};
/* End PBXNativeTarget section */

/* Begin PBXProject section */
		CE287FF32D0340F000FF0D3F /* Project object */ = {
			isa = PBXProject;
			attributes = {
				BuildIndependentTargetsInParallel = 1;
				LastSwiftUpdateCheck = 1610;
				LastUpgradeCheck = 1610;
				TargetAttributes = {
					CE287FFA2D0340F000FF0D3F = {
						CreatedOnToolsVersion = 16.1;
					};
					CE28800A2D0340F200FF0D3F = {
						CreatedOnToolsVersion = 16.1;
						TestTargetID = CE287FFA2D0340F000FF0D3F;
					};
					CE2880142D0340F200FF0D3F = {
						CreatedOnToolsVersion = 16.1;
						TestTargetID = CE287FFA2D0340F000FF0D3F;
					};
				};
			};
			buildConfigurationList = CE287FF62D0340F000FF0D3F /* Build configuration list for PBXProject "42" */;
			developmentRegion = en;
			hasScannedForEncodings = 0;
			knownRegions = (
				en,
				Base,
			);
			mainGroup = CE287FF22D0340F000FF0D3F;
			minimizedProjectReferenceProxies = 1;
			packageReferences = (
				CE06DF982D04772900039A92 /* XCRemoteSwiftPackageReference "OAuth2" */,
			);
			preferredProjectObjectVersion = 77;
			productRefGroup = CE287FFC2D0340F000FF0D3F /* Products */;
			projectDirPath = "";
			projectRoot = "";
			targets = (
				CE287FFA2D0340F000FF0D3F /* 42 */,
				CE28800A2D0340F200FF0D3F /* 42Tests */,
				CE2880142D0340F200FF0D3F /* 42UITests */,
			);
		};
/* End PBXProject section */

/* Begin PBXResourcesBuildPhase section */
		CE287FF92D0340F000FF0D3F /* Resources */ = {
			isa = PBXResourcesBuildPhase;
			buildActionMask = 2147483647;
			files = (
			);
			runOnlyForDeploymentPostprocessing = 0;
		};
		CE2880092D0340F200FF0D3F /* Resources */ = {
			isa = PBXResourcesBuildPhase;
			buildActionMask = 2147483647;
			files = (
			);
			runOnlyForDeploymentPostprocessing = 0;
		};
		CE2880132D0340F200FF0D3F /* Resources */ = {
			isa = PBXResourcesBuildPhase;
			buildActionMask = 2147483647;
			files = (
			);
			runOnlyForDeploymentPostprocessing = 0;
		};
/* End PBXResourcesBuildPhase section */

/* Begin PBXSourcesBuildPhase section */
		CE287FF72D0340F000FF0D3F /* Sources */ = {
			isa = PBXSourcesBuildPhase;
			buildActionMask = 2147483647;
			files = (
			);
			runOnlyForDeploymentPostprocessing = 0;
		};
		CE2880072D0340F200FF0D3F /* Sources */ = {
			isa = PBXSourcesBuildPhase;
			buildActionMask = 2147483647;
			files = (
			);
			runOnlyForDeploymentPostprocessing = 0;
		};
		CE2880112D0340F200FF0D3F /* Sources */ = {
			isa = PBXSourcesBuildPhase;
			buildActionMask = 2147483647;
			files = (
			);
			runOnlyForDeploymentPostprocessing = 0;
		};
/* End PBXSourcesBuildPhase section */

/* Begin PBXTargetDependency section */
		CE28800D2D0340F200FF0D3F /* PBXTargetDependency */ = {
			isa = PBXTargetDependency;
			target = CE287FFA2D0340F000FF0D3F /* 42 */;
			targetProxy = CE28800C2D0340F200FF0D3F /* PBXContainerItemProxy */;
		};
		CE2880172D0340F200FF0D3F /* PBXTargetDependency */ = {
			isa = PBXTargetDependency;
			target = CE287FFA2D0340F000FF0D3F /* 42 */;
			targetProxy = CE2880162D0340F200FF0D3F /* PBXContainerItemProxy */;
		};
/* End PBXTargetDependency section */

/* Begin XCBuildConfiguration section */
		CE28801D2D0340F200FF0D3F /* Debug */ = {
			isa = XCBuildConfiguration;
			buildSettings = {
				ALWAYS_SEARCH_USER_PATHS = NO;
				ASSETCATALOG_COMPILER_GENERATE_SWIFT_ASSET_SYMBOL_EXTENSIONS = YES;
				CLANG_ANALYZER_NONNULL = YES;
				CLANG_ANALYZER_NUMBER_OBJECT_CONVERSION = YES_AGGRESSIVE;
				CLANG_CXX_LANGUAGE_STANDARD = "gnu++20";
				CLANG_ENABLE_MODULES = YES;
				CLANG_ENABLE_OBJC_ARC = YES;
				CLANG_ENABLE_OBJC_WEAK = YES;
				CLANG_WARN_BLOCK_CAPTURE_AUTORELEASING = YES;
				CLANG_WARN_BOOL_CONVERSION = YES;
				CLANG_WARN_COMMA = YES;
				CLANG_WARN_CONSTANT_CONVERSION = YES;
				CLANG_WARN_DEPRECATED_OBJC_IMPLEMENTATIONS = YES;
				CLANG_WARN_DIRECT_OBJC_ISA_USAGE = YES_ERROR;
				CLANG_WARN_DOCUMENTATION_COMMENTS = YES;
				CLANG_WARN_EMPTY_BODY = YES;
				CLANG_WARN_ENUM_CONVERSION = YES;
				CLANG_WARN_INFINITE_RECURSION = YES;
				CLANG_WARN_INT_CONVERSION = YES;
				CLANG_WARN_NON_LITERAL_NULL_CONVERSION = YES;
				CLANG_WARN_OBJC_IMPLICIT_RETAIN_SELF = YES;
				CLANG_WARN_OBJC_LITERAL_CONVERSION = YES;
				CLANG_WARN_OBJC_ROOT_CLASS = YES_ERROR;
				CLANG_WARN_QUOTED_INCLUDE_IN_FRAMEWORK_HEADER = YES;
				CLANG_WARN_RANGE_LOOP_ANALYSIS = YES;
				CLANG_WARN_STRICT_PROTOTYPES = YES;
				CLANG_WARN_SUSPICIOUS_MOVE = YES;
				CLANG_WARN_UNGUARDED_AVAILABILITY = YES_AGGRESSIVE;
				CLANG_WARN_UNREACHABLE_CODE = YES;
				CLANG_WARN__DUPLICATE_METHOD_MATCH = YES;
				COPY_PHASE_STRIP = NO;
				DEBUG_INFORMATION_FORMAT = dwarf;
				ENABLE_STRICT_OBJC_MSGSEND = YES;
				ENABLE_TESTABILITY = YES;
				ENABLE_USER_SCRIPT_SANDBOXING = YES;
				GCC_C_LANGUAGE_STANDARD = gnu17;
				GCC_DYNAMIC_NO_PIC = NO;
				GCC_NO_COMMON_BLOCKS = YES;
				GCC_OPTIMIZATION_LEVEL = 0;
				GCC_PREPROCESSOR_DEFINITIONS = (
					"DEBUG=1",
					"$(inherited)",
				);
				GCC_WARN_64_TO_32_BIT_CONVERSION = YES;
				GCC_WARN_ABOUT_RETURN_TYPE = YES_ERROR;
				GCC_WARN_UNDECLARED_SELECTOR = YES;
				GCC_WARN_UNINITIALIZED_AUTOS = YES_AGGRESSIVE;
				GCC_WARN_UNUSED_FUNCTION = YES;
				GCC_WARN_UNUSED_VARIABLE = YES;
				IPHONEOS_DEPLOYMENT_TARGET = 18.1;
				LOCALIZATION_PREFERS_STRING_CATALOGS = YES;
				MTL_ENABLE_DEBUG_INFO = INCLUDE_SOURCE;
				MTL_FAST_MATH = YES;
				ONLY_ACTIVE_ARCH = YES;
				SDKROOT = iphoneos;
				SWIFT_ACTIVE_COMPILATION_CONDITIONS = "DEBUG $(inherited)";
				SWIFT_OPTIMIZATION_LEVEL = "-Onone";
			};
			name = Debug;
		};
		CE28801E2D0340F200FF0D3F /* Release */ = {
			isa = XCBuildConfiguration;
			buildSettings = {
				ALWAYS_SEARCH_USER_PATHS = NO;
				ASSETCATALOG_COMPILER_GENERATE_SWIFT_ASSET_SYMBOL_EXTENSIONS = YES;
				CLANG_ANALYZER_NONNULL = YES;
				CLANG_ANALYZER_NUMBER_OBJECT_CONVERSION = YES_AGGRESSIVE;
				CLANG_CXX_LANGUAGE_STANDARD = "gnu++20";
				CLANG_ENABLE_MODULES = YES;
				CLANG_ENABLE_OBJC_ARC = YES;
				CLANG_ENABLE_OBJC_WEAK = YES;
				CLANG_WARN_BLOCK_CAPTURE_AUTORELEASING = YES;
				CLANG_WARN_BOOL_CONVERSION = YES;
				CLANG_WARN_COMMA = YES;
				CLANG_WARN_CONSTANT_CONVERSION = YES;
				CLANG_WARN_DEPRECATED_OBJC_IMPLEMENTATIONS = YES;
				CLANG_WARN_DIRECT_OBJC_ISA_USAGE = YES_ERROR;
				CLANG_WARN_DOCUMENTATION_COMMENTS = YES;
				CLANG_WARN_EMPTY_BODY = YES;
				CLANG_WARN_ENUM_CONVERSION = YES;
				CLANG_WARN_INFINITE_RECURSION = YES;
				CLANG_WARN_INT_CONVERSION = YES;
				CLANG_WARN_NON_LITERAL_NULL_CONVERSION = YES;
				CLANG_WARN_OBJC_IMPLICIT_RETAIN_SELF = YES;
				CLANG_WARN_OBJC_LITERAL_CONVERSION = YES;
				CLANG_WARN_OBJC_ROOT_CLASS = YES_ERROR;
				CLANG_WARN_QUOTED_INCLUDE_IN_FRAMEWORK_HEADER = YES;
				CLANG_WARN_RANGE_LOOP_ANALYSIS = YES;
				CLANG_WARN_STRICT_PROTOTYPES = YES;
				CLANG_WARN_SUSPICIOUS_MOVE = YES;
				CLANG_WARN_UNGUARDED_AVAILABILITY = YES_AGGRESSIVE;
				CLANG_WARN_UNREACHABLE_CODE = YES;
				CLANG_WARN__DUPLICATE_METHOD_MATCH = YES;
				COPY_PHASE_STRIP = NO;
				DEBUG_INFORMATION_FORMAT = "dwarf-with-dsym";
				ENABLE_NS_ASSERTIONS = NO;
				ENABLE_STRICT_OBJC_MSGSEND = YES;
				ENABLE_USER_SCRIPT_SANDBOXING = YES;
				GCC_C_LANGUAGE_STANDARD = gnu17;
				GCC_NO_COMMON_BLOCKS = YES;
				GCC_WARN_64_TO_32_BIT_CONVERSION = YES;
				GCC_WARN_ABOUT_RETURN_TYPE = YES_ERROR;
				GCC_WARN_UNDECLARED_SELECTOR = YES;
				GCC_WARN_UNINITIALIZED_AUTOS = YES_AGGRESSIVE;
				GCC_WARN_UNUSED_FUNCTION = YES;
				GCC_WARN_UNUSED_VARIABLE = YES;
				IPHONEOS_DEPLOYMENT_TARGET = 18.1;
				LOCALIZATION_PREFERS_STRING_CATALOGS = YES;
				MTL_ENABLE_DEBUG_INFO = NO;
				MTL_FAST_MATH = YES;
				SDKROOT = iphoneos;
				SWIFT_COMPILATION_MODE = wholemodule;
				VALIDATE_PRODUCT = YES;
			};
			name = Release;
		};
		CE2880202D0340F200FF0D3F /* Debug */ = {
			isa = XCBuildConfiguration;
			buildSettings = {
				ASSETCATALOG_COMPILER_APPICON_NAME = AppIcon;
				ASSETCATALOG_COMPILER_GLOBAL_ACCENT_COLOR_NAME = AccentColor;
				CODE_SIGN_STYLE = Automatic;
				CURRENT_PROJECT_VERSION = 1;
				DEVELOPMENT_ASSET_PATHS = "\"42/Preview Content\"";
				DEVELOPMENT_TEAM = JSV29QDJFC;
				ENABLE_PREVIEWS = YES;
				GENERATE_INFOPLIST_FILE = YES;
				INFOPLIST_FILE = "-2-Info.plist";
				INFOPLIST_KEY_UIApplicationSceneManifest_Generation = YES;
				INFOPLIST_KEY_UIApplicationSupportsIndirectInputEvents = YES;
				INFOPLIST_KEY_UILaunchScreen_Generation = YES;
				INFOPLIST_KEY_UISupportedInterfaceOrientations_iPad = "UIInterfaceOrientationPortrait UIInterfaceOrientationPortraitUpsideDown UIInterfaceOrientationLandscapeLeft UIInterfaceOrientationLandscapeRight";
				INFOPLIST_KEY_UISupportedInterfaceOrientations_iPhone = "UIInterfaceOrientationPortrait UIInterfaceOrientationLandscapeLeft UIInterfaceOrientationLandscapeRight";
				LD_RUNPATH_SEARCH_PATHS = (
					"$(inherited)",
					"@executable_path/Frameworks",
				);
				MARKETING_VERSION = 1.0;
				PRODUCT_BUNDLE_IDENTIFIER = "biriukov.-2";
				PRODUCT_NAME = "$(TARGET_NAME)";
				SWIFT_EMIT_LOC_STRINGS = YES;
				SWIFT_VERSION = 5.0;
				TARGETED_DEVICE_FAMILY = "1,2";
			};
			name = Debug;
		};
		CE2880212D0340F200FF0D3F /* Release */ = {
			isa = XCBuildConfiguration;
			buildSettings = {
				ASSETCATALOG_COMPILER_APPICON_NAME = AppIcon;
				ASSETCATALOG_COMPILER_GLOBAL_ACCENT_COLOR_NAME = AccentColor;
				CODE_SIGN_STYLE = Automatic;
				CURRENT_PROJECT_VERSION = 1;
				DEVELOPMENT_ASSET_PATHS = "\"42/Preview Content\"";
				DEVELOPMENT_TEAM = JSV29QDJFC;
				ENABLE_PREVIEWS = YES;
				GENERATE_INFOPLIST_FILE = YES;
				INFOPLIST_FILE = "-2-Info.plist";
				INFOPLIST_KEY_UIApplicationSceneManifest_Generation = YES;
				INFOPLIST_KEY_UIApplicationSupportsIndirectInputEvents = YES;
				INFOPLIST_KEY_UILaunchScreen_Generation = YES;
				INFOPLIST_KEY_UISupportedInterfaceOrientations_iPad = "UIInterfaceOrientationPortrait UIInterfaceOrientationPortraitUpsideDown UIInterfaceOrientationLandscapeLeft UIInterfaceOrientationLandscapeRight";
				INFOPLIST_KEY_UISupportedInterfaceOrientations_iPhone = "UIInterfaceOrientationPortrait UIInterfaceOrientationLandscapeLeft UIInterfaceOrientationLandscapeRight";
				LD_RUNPATH_SEARCH_PATHS = (
					"$(inherited)",
					"@executable_path/Frameworks",
				);
				MARKETING_VERSION = 1.0;
				PRODUCT_BUNDLE_IDENTIFIER = "biriukov.-2";
				PRODUCT_NAME = "$(TARGET_NAME)";
				SWIFT_EMIT_LOC_STRINGS = YES;
				SWIFT_VERSION = 5.0;
				TARGETED_DEVICE_FAMILY = "1,2";
			};
			name = Release;
		};
		CE2880232D0340F200FF0D3F /* Debug */ = {
			isa = XCBuildConfiguration;
			buildSettings = {
				BUNDLE_LOADER = "$(TEST_HOST)";
				CODE_SIGN_STYLE = Automatic;
				CURRENT_PROJECT_VERSION = 1;
				GENERATE_INFOPLIST_FILE = YES;
				IPHONEOS_DEPLOYMENT_TARGET = 18.1;
				MARKETING_VERSION = 1.0;
				PRODUCT_BUNDLE_IDENTIFIER = "biriukov.-2Tests";
				PRODUCT_NAME = "$(TARGET_NAME)";
				SWIFT_EMIT_LOC_STRINGS = NO;
				SWIFT_VERSION = 5.0;
				TARGETED_DEVICE_FAMILY = "1,2";
				TEST_HOST = "$(BUILT_PRODUCTS_DIR)/42.app/$(BUNDLE_EXECUTABLE_FOLDER_PATH)/42";
			};
			name = Debug;
		};
		CE2880242D0340F200FF0D3F /* Release */ = {
			isa = XCBuildConfiguration;
			buildSettings = {
				BUNDLE_LOADER = "$(TEST_HOST)";
				CODE_SIGN_STYLE = Automatic;
				CURRENT_PROJECT_VERSION = 1;
				GENERATE_INFOPLIST_FILE = YES;
				IPHONEOS_DEPLOYMENT_TARGET = 18.1;
				MARKETING_VERSION = 1.0;
				PRODUCT_BUNDLE_IDENTIFIER = "biriukov.-2Tests";
				PRODUCT_NAME = "$(TARGET_NAME)";
				SWIFT_EMIT_LOC_STRINGS = NO;
				SWIFT_VERSION = 5.0;
				TARGETED_DEVICE_FAMILY = "1,2";
				TEST_HOST = "$(BUILT_PRODUCTS_DIR)/42.app/$(BUNDLE_EXECUTABLE_FOLDER_PATH)/42";
			};
			name = Release;
		};
		CE2880262D0340F200FF0D3F /* Debug */ = {
			isa = XCBuildConfiguration;
			buildSettings = {
				CODE_SIGN_STYLE = Automatic;
				CURRENT_PROJECT_VERSION = 1;
				GENERATE_INFOPLIST_FILE = YES;
				MARKETING_VERSION = 1.0;
				PRODUCT_BUNDLE_IDENTIFIER = "biriukov.-2UITests";
				PRODUCT_NAME = "$(TARGET_NAME)";
				SWIFT_EMIT_LOC_STRINGS = NO;
				SWIFT_VERSION = 5.0;
				TARGETED_DEVICE_FAMILY = "1,2";
				TEST_TARGET_NAME = 42;
			};
			name = Debug;
		};
		CE2880272D0340F200FF0D3F /* Release */ = {
			isa = XCBuildConfiguration;
			buildSettings = {
				CODE_SIGN_STYLE = Automatic;
				CURRENT_PROJECT_VERSION = 1;
				GENERATE_INFOPLIST_FILE = YES;
				MARKETING_VERSION = 1.0;
				PRODUCT_BUNDLE_IDENTIFIER = "biriukov.-2UITests";
				PRODUCT_NAME = "$(TARGET_NAME)";
				SWIFT_EMIT_LOC_STRINGS = NO;
				SWIFT_VERSION = 5.0;
				TARGETED_DEVICE_FAMILY = "1,2";
				TEST_TARGET_NAME = 42;
			};
			name = Release;
		};
/* End XCBuildConfiguration section */

/* Begin XCConfigurationList section */
		CE287FF62D0340F000FF0D3F /* Build configuration list for PBXProject "42" */ = {
			isa = XCConfigurationList;
			buildConfigurations = (
				CE28801D2D0340F200FF0D3F /* Debug */,
				CE28801E2D0340F200FF0D3F /* Release */,
			);
			defaultConfigurationIsVisible = 0;
			defaultConfigurationName = Release;
		};
		CE28801F2D0340F200FF0D3F /* Build configuration list for PBXNativeTarget "42" */ = {
			isa = XCConfigurationList;
			buildConfigurations = (
				CE2880202D0340F200FF0D3F /* Debug */,
				CE2880212D0340F200FF0D3F /* Release */,
			);
			defaultConfigurationIsVisible = 0;
			defaultConfigurationName = Release;
		};
		CE2880222D0340F200FF0D3F /* Build configuration list for PBXNativeTarget "42Tests" */ = {
			isa = XCConfigurationList;
			buildConfigurations = (
				CE2880232D0340F200FF0D3F /* Debug */,
				CE2880242D0340F200FF0D3F /* Release */,
			);
			defaultConfigurationIsVisible = 0;
			defaultConfigurationName = Release;
		};
		CE2880252D0340F200FF0D3F /* Build configuration list for PBXNativeTarget "42UITests" */ = {
			isa = XCConfigurationList;
			buildConfigurations = (
				CE2880262D0340F200FF0D3F /* Debug */,
				CE2880272D0340F200FF0D3F /* Release */,
			);
			defaultConfigurationIsVisible = 0;
			defaultConfigurationName = Release;
		};
/* End XCConfigurationList section */

/* Begin XCRemoteSwiftPackageReference section */
		CE06DF982D04772900039A92 /* XCRemoteSwiftPackageReference "OAuth2" */ = {
			isa = XCRemoteSwiftPackageReference;
			repositoryURL = "https://github.com/p2/OAuth2";
			requirement = {
				kind = upToNextMajorVersion;
				minimumVersion = 5.3.5;
			};
		};
/* End XCRemoteSwiftPackageReference section */

/* Begin XCSwiftPackageProductDependency section */
		CE06DF992D04892000039A92 /* OAuth2 */ = {
			isa = XCSwiftPackageProductDependency;
			package = CE06DF982D04772900039A92 /* XCRemoteSwiftPackageReference "OAuth2" */;
			productName = OAuth2;
		};
/* End XCSwiftPackageProductDependency section */
	};
	rootObject = CE287FF32D0340F000FF0D3F /* Project object */;
}
